
Microsoft Visual Studio Solution File, Format Version 12.00
# Visual Studio Version 16
VisualStudioVersion = 16.0.31424.327
MinimumVisualStudioVersion = 10.0.40219.1
Project("{FAE04EC0-301F-11D3-BF4B-00C04F79EFBC}") = "DotNet.Ariel.EvenetsWithCars.Class.14.10.21", "DotNet.Ariel.EvenetsWithCars.Class.14.10.21\DotNet.Ariel.EvenetsWithCars.Class.14.10.21.csproj", "{31DE35E4-79D4-4E42-A9DC-A2F552A170AD}"
EndProject
Project("{FAE04EC0-301F-11D3-BF4B-00C04F79EFBC}") = "Class1", "Class1\Class1.csproj", "{54BEDD6A-50A4-4C1C-8922-EA13A68D9793}"
EndProject
Project("{FAE04EC0-301F-11D3-BF4B-00C04F79EFBC}") = "AnonymusMethods1", "AnonymusMethods1\AnonymusMethods1.csproj", "{F14CB6F4-B892-4A14-B3C1-90E0DD66791B}"
EndProject
Global
	GlobalSection(SolutionConfigurationPlatforms) = preSolution
		Debug|Any CPU = Debug|Any CPU
		Release|Any CPU = Release|Any CPU
	EndGlobalSection
	GlobalSection(ProjectConfigurationPlatforms) = postSolution
		{31DE35E4-79D4-4E42-A9DC-A2F552A170AD}.Debug|Any CPU.ActiveCfg = Debug|Any CPU
		{31DE35E4-79D4-4E42-A9DC-A2F552A170AD}.Debug|Any CPU.Build.0 = Debug|Any CPU
		{31DE35E4-79D4-4E42-A9DC-A2F552A170AD}.Release|Any CPU.ActiveCfg = Release|Any CPU
		{31DE35E4-79D4-4E42-A9DC-A2F552A170AD}.Release|Any CPU.Build.0 = Release|Any CPU
		{54BEDD6A-50A4-4C1C-8922-EA13A68D9793}.Debug|Any CPU.ActiveCfg = Debug|Any CPU
		{54BEDD6A-50A4-4C1C-8922-EA13A68D9793}.Debug|Any CPU.Build.0 = Debug|Any CPU
		{54BEDD6A-50A4-4C1C-8922-EA13A68D9793}.Release|Any CPU.ActiveCfg = Release|Any CPU
		{54BEDD6A-50A4-4C1C-8922-EA13A68D9793}.Release|Any CPU.Build.0 = Release|Any CPU
		{F14CB6F4-B892-4A14-B3C1-90E0DD66791B}.Debug|Any CPU.ActiveCfg = Debug|Any CPU
		{F14CB6F4-B892-4A14-B3C1-90E0DD66791B}.Debug|Any CPU.Build.0 = Debug|Any CPU
		{F14CB6F4-B892-4A14-B3C1-90E0DD66791B}.Release|Any CPU.ActiveCfg = Release|Any CPU
		{F14CB6F4-B892-4A14-B3C1-90E0DD66791B}.Release|Any CPU.Build.0 = Release|Any CPU
	EndGlobalSection
	GlobalSection(SolutionProperties) = preSolution
		HideSolutionNode = FALSE
	EndGlobalSection
	GlobalSection(ExtensibilityGlobals) = postSolution
		SolutionGuid = {A9E37406-3494-4466-90A6-2A0AD0F485B2}
	EndGlobalSection
EndGlobal
